
Microsoft Visual Studio Solution File, Format Version 12.00
# Visual Studio Version 16
VisualStudioVersion = 16.0.31019.35
MinimumVisualStudioVersion = 10.0.40219.1
Project("{FAE04EC0-301F-11D3-BF4B-00C04F79EFBC}") = "YazLab1", "Prolab1\YazLab1.csproj", "{0D79C71D-6208-44CA-8BD7-08FD8971763E}"
EndProject
Global
	GlobalSection(SolutionConfigurationPlatforms) = preSolution
		Debug|Any CPU = Debug|Any CPU
		Release|Any CPU = Release|Any CPU
	EndGlobalSection
	GlobalSection(ProjectConfigurationPlatforms) = postSolution
		{0D79C71D-6208-44CA-8BD7-08FD8971763E}.Debug|Any CPU.ActiveCfg = Debug|Any CPU
		{0D79C71D-6208-44CA-8BD7-08FD8971763E}.Debug|Any CPU.Build.0 = Debug|Any CPU
		{0D79C71D-6208-44CA-8BD7-08FD8971763E}.Release|Any CPU.ActiveCfg = Release|Any CPU
		{0D79C71D-6208-44CA-8BD7-08FD8971763E}.Release|Any CPU.Build.0 = Release|Any CPU
	EndGlobalSection
	GlobalSection(SolutionProperties) = preSolution
		HideSolutionNode = FALSE
	EndGlobalSection
	GlobalSection(ExtensibilityGlobals) = postSolution
		SolutionGuid = {71552D30-4D10-4534-AABB-28CD9E6DF43F}
	EndGlobalSection
EndGlobal
